// !$*UTF8*$!
{
	archiveVersion = 1;
	classes = {
	};
	objectVersion = 46;
	objects = {

/* Begin PBXBuildFile section */
		920A252419B382CB00A24242 /* AppDelegate.swift in Sources */ = {isa = PBXBuildFile; fileRef = 920A252319B382CB00A24242 /* AppDelegate.swift */; };
		920A252619B382CB00A24242 /* ViewController.swift in Sources */ = {isa = PBXBuildFile; fileRef = 920A252519B382CB00A24242 /* ViewController.swift */; };
		920A252919B382CB00A24242 /* Main.storyboard in Resources */ = {isa = PBXBuildFile; fileRef = 920A252719B382CB00A24242 /* Main.storyboard */; };
		920A252B19B382CB00A24242 /* Images.xcassets in Resources */ = {isa = PBXBuildFile; fileRef = 920A252A19B382CB00A24242 /* Images.xcassets */; };
		920A253719B382CB00A24242 /* MagicalMapperTests.swift in Sources */ = {isa = PBXBuildFile; fileRef = 920A253619B382CB00A24242 /* MagicalMapperTests.swift */; };
		920A254619B3835E00A24242 /* Address.swift in Sources */ = {isa = PBXBuildFile; fileRef = 920A254119B3835E00A24242 /* Address.swift */; };
		920A254719B3835E00A24242 /* Address.swift in Sources */ = {isa = PBXBuildFile; fileRef = 920A254119B3835E00A24242 /* Address.swift */; };
		920A254819B3835E00A24242 /* Post.swift in Sources */ = {isa = PBXBuildFile; fileRef = 920A254219B3835E00A24242 /* Post.swift */; };
		920A254919B3835E00A24242 /* Post.swift in Sources */ = {isa = PBXBuildFile; fileRef = 920A254219B3835E00A24242 /* Post.swift */; };
		920A254A19B3835E00A24242 /* User.swift in Sources */ = {isa = PBXBuildFile; fileRef = 920A254319B3835E00A24242 /* User.swift */; };
		920A254B19B3835E00A24242 /* User.swift in Sources */ = {isa = PBXBuildFile; fileRef = 920A254319B3835E00A24242 /* User.swift */; };
		920A254C19B3835E00A24242 /* Mapper.swift in Sources */ = {isa = PBXBuildFile; fileRef = 920A254519B3835E00A24242 /* Mapper.swift */; };
		920A254D19B3835E00A24242 /* Mapper.swift in Sources */ = {isa = PBXBuildFile; fileRef = 920A254519B3835E00A24242 /* Mapper.swift */; };
		920A255019B3836400A24242 /* Model.xcdatamodeld in Sources */ = {isa = PBXBuildFile; fileRef = 920A254E19B3836400A24242 /* Model.xcdatamodeld */; };
		920A255119B3836400A24242 /* Model.xcdatamodeld in Sources */ = {isa = PBXBuildFile; fileRef = 920A254E19B3836400A24242 /* Model.xcdatamodeld */; };
		920A255319B383B300A24242 /* CoreDataManager.swift in Sources */ = {isa = PBXBuildFile; fileRef = 920A255219B383B300A24242 /* CoreDataManager.swift */; };
		920A255419B383B300A24242 /* CoreDataManager.swift in Sources */ = {isa = PBXBuildFile; fileRef = 920A255219B383B300A24242 /* CoreDataManager.swift */; };
/* End PBXBuildFile section */

/* Begin PBXContainerItemProxy section */
		920A253119B382CB00A24242 /* PBXContainerItemProxy */ = {
			isa = PBXContainerItemProxy;
			containerPortal = 920A251619B382CB00A24242 /* Project object */;
			proxyType = 1;
			remoteGlobalIDString = 920A251D19B382CB00A24242;
			remoteInfo = MagicalMapper;
		};
/* End PBXContainerItemProxy section */

/* Begin PBXFileReference section */
		920A251E19B382CB00A24242 /* MagicalMapper.app */ = {isa = PBXFileReference; explicitFileType = wrapper.application; includeInIndex = 0; path = MagicalMapper.app; sourceTree = BUILT_PRODUCTS_DIR; };
		920A252219B382CB00A24242 /* Info.plist */ = {isa = PBXFileReference; lastKnownFileType = text.plist.xml; path = Info.plist; sourceTree = "<group>"; };
		920A252319B382CB00A24242 /* AppDelegate.swift */ = {isa = PBXFileReference; lastKnownFileType = sourcecode.swift; path = AppDelegate.swift; sourceTree = "<group>"; };
		920A252519B382CB00A24242 /* ViewController.swift */ = {isa = PBXFileReference; lastKnownFileType = sourcecode.swift; path = ViewController.swift; sourceTree = "<group>"; };
		920A252819B382CB00A24242 /* Base */ = {isa = PBXFileReference; lastKnownFileType = file.storyboard; name = Base; path = Base.lproj/Main.storyboard; sourceTree = "<group>"; };
		920A252A19B382CB00A24242 /* Images.xcassets */ = {isa = PBXFileReference; lastKnownFileType = folder.assetcatalog; path = Images.xcassets; sourceTree = "<group>"; };
		920A253019B382CB00A24242 /* MagicalMapperTests.xctest */ = {isa = PBXFileReference; explicitFileType = wrapper.cfbundle; includeInIndex = 0; path = MagicalMapperTests.xctest; sourceTree = BUILT_PRODUCTS_DIR; };
		920A253519B382CB00A24242 /* Info.plist */ = {isa = PBXFileReference; lastKnownFileType = text.plist.xml; path = Info.plist; sourceTree = "<group>"; };
		920A253619B382CB00A24242 /* MagicalMapperTests.swift */ = {isa = PBXFileReference; lastKnownFileType = sourcecode.swift; path = MagicalMapperTests.swift; sourceTree = "<group>"; };
		920A254119B3835E00A24242 /* Address.swift */ = {isa = PBXFileReference; fileEncoding = 4; lastKnownFileType = sourcecode.swift; path = Address.swift; sourceTree = "<group>"; };
		920A254219B3835E00A24242 /* Post.swift */ = {isa = PBXFileReference; fileEncoding = 4; lastKnownFileType = sourcecode.swift; path = Post.swift; sourceTree = "<group>"; };
		920A254319B3835E00A24242 /* User.swift */ = {isa = PBXFileReference; fileEncoding = 4; lastKnownFileType = sourcecode.swift; path = User.swift; sourceTree = "<group>"; };
		920A254519B3835E00A24242 /* Mapper.swift */ = {isa = PBXFileReference; fileEncoding = 4; lastKnownFileType = sourcecode.swift; path = Mapper.swift; sourceTree = "<group>"; };
		920A254F19B3836400A24242 /* Model.xcdatamodel */ = {isa = PBXFileReference; lastKnownFileType = wrapper.xcdatamodel; path = Model.xcdatamodel; sourceTree = "<group>"; };
		920A255219B383B300A24242 /* CoreDataManager.swift */ = {isa = PBXFileReference; fileEncoding = 4; lastKnownFileType = sourcecode.swift; path = CoreDataManager.swift; sourceTree = "<group>"; };
/* End PBXFileReference section */

/* Begin PBXFrameworksBuildPhase section */
		920A251B19B382CB00A24242 /* Frameworks */ = {
			isa = PBXFrameworksBuildPhase;
			buildActionMask = 2147483647;
			files = (
			);
			runOnlyForDeploymentPostprocessing = 0;
		};
		920A252D19B382CB00A24242 /* Frameworks */ = {
			isa = PBXFrameworksBuildPhase;
			buildActionMask = 2147483647;
			files = (
			);
			runOnlyForDeploymentPostprocessing = 0;
		};
/* End PBXFrameworksBuildPhase section */

/* Begin PBXGroup section */
		920A251519B382CB00A24242 = {
			isa = PBXGroup;
			children = (
				920A252019B382CB00A24242 /* MagicalMapper */,
				920A253319B382CB00A24242 /* MagicalMapperTests */,
				920A251F19B382CB00A24242 /* Products */,
			);
			sourceTree = "<group>";
		};
		920A251F19B382CB00A24242 /* Products */ = {
			isa = PBXGroup;
			children = (
				920A251E19B382CB00A24242 /* MagicalMapper.app */,
				920A253019B382CB00A24242 /* MagicalMapperTests.xctest */,
			);
			name = Products;
			sourceTree = "<group>";
		};
		920A252019B382CB00A24242 /* MagicalMapper */ = {
			isa = PBXGroup;
			children = (
				920A254019B3835E00A24242 /* Models */,
				920A254419B3835E00A24242 /* Source */,
				920A252319B382CB00A24242 /* AppDelegate.swift */,
				920A255219B383B300A24242 /* CoreDataManager.swift */,
				920A252519B382CB00A24242 /* ViewController.swift */,
				920A254E19B3836400A24242 /* Model.xcdatamodeld */,
				920A252719B382CB00A24242 /* Main.storyboard */,
				920A252A19B382CB00A24242 /* Images.xcassets */,
				920A252119B382CB00A24242 /* Supporting Files */,
			);
			path = MagicalMapper;
			sourceTree = "<group>";
		};
		920A252119B382CB00A24242 /* Supporting Files */ = {
			isa = PBXGroup;
			children = (
				920A252219B382CB00A24242 /* Info.plist */,
			);
			name = "Supporting Files";
			sourceTree = "<group>";
		};
		920A253319B382CB00A24242 /* MagicalMapperTests */ = {
			isa = PBXGroup;
			children = (
				920A253619B382CB00A24242 /* MagicalMapperTests.swift */,
				920A253419B382CB00A24242 /* Supporting Files */,
			);
			path = MagicalMapperTests;
			sourceTree = "<group>";
		};
		920A253419B382CB00A24242 /* Supporting Files */ = {
			isa = PBXGroup;
			children = (
				920A253519B382CB00A24242 /* Info.plist */,
			);
			name = "Supporting Files";
			sourceTree = "<group>";
		};
		920A254019B3835E00A24242 /* Models */ = {
			isa = PBXGroup;
			children = (
				920A254119B3835E00A24242 /* Address.swift */,
				920A254219B3835E00A24242 /* Post.swift */,
				920A254319B3835E00A24242 /* User.swift */,
			);
			path = Models;
			sourceTree = "<group>";
		};
		920A254419B3835E00A24242 /* Source */ = {
			isa = PBXGroup;
			children = (
				920A254519B3835E00A24242 /* Mapper.swift */,
			);
			path = Source;
			sourceTree = "<group>";
		};
/* End PBXGroup section */

/* Begin PBXNativeTarget section */
		920A251D19B382CB00A24242 /* MagicalMapper */ = {
			isa = PBXNativeTarget;
			buildConfigurationList = 920A253A19B382CB00A24242 /* Build configuration list for PBXNativeTarget "MagicalMapper" */;
			buildPhases = (
				920A251A19B382CB00A24242 /* Sources */,
				920A251B19B382CB00A24242 /* Frameworks */,
				920A251C19B382CB00A24242 /* Resources */,
			);
			buildRules = (
			);
			dependencies = (
			);
			name = MagicalMapper;
			productName = MagicalMapper;
			productReference = 920A251E19B382CB00A24242 /* MagicalMapper.app */;
			productType = "com.apple.product-type.application";
		};
		920A252F19B382CB00A24242 /* MagicalMapperTests */ = {
			isa = PBXNativeTarget;
			buildConfigurationList = 920A253D19B382CB00A24242 /* Build configuration list for PBXNativeTarget "MagicalMapperTests" */;
			buildPhases = (
				920A252C19B382CB00A24242 /* Sources */,
				920A252D19B382CB00A24242 /* Frameworks */,
				920A252E19B382CB00A24242 /* Resources */,
			);
			buildRules = (
			);
			dependencies = (
				920A253219B382CB00A24242 /* PBXTargetDependency */,
			);
			name = MagicalMapperTests;
			productName = MagicalMapperTests;
			productReference = 920A253019B382CB00A24242 /* MagicalMapperTests.xctest */;
			productType = "com.apple.product-type.bundle.unit-test";
		};
/* End PBXNativeTarget section */

/* Begin PBXProject section */
		920A251619B382CB00A24242 /* Project object */ = {
			isa = PBXProject;
			attributes = {
				LastUpgradeCheck = 0600;
				ORGANIZATIONNAME = aryaxt;
				TargetAttributes = {
					920A251D19B382CB00A24242 = {
						CreatedOnToolsVersion = 6.0;
					};
					920A252F19B382CB00A24242 = {
						CreatedOnToolsVersion = 6.0;
						TestTargetID = 920A251D19B382CB00A24242;
					};
				};
			};
			buildConfigurationList = 920A251919B382CB00A24242 /* Build configuration list for PBXProject "MagicalMapper" */;
			compatibilityVersion = "Xcode 3.2";
			developmentRegion = English;
			hasScannedForEncodings = 0;
			knownRegions = (
				en,
				Base,
			);
			mainGroup = 920A251519B382CB00A24242;
			productRefGroup = 920A251F19B382CB00A24242 /* Products */;
			projectDirPath = "";
			projectRoot = "";
			targets = (
				920A251D19B382CB00A24242 /* MagicalMapper */,
				920A252F19B382CB00A24242 /* MagicalMapperTests */,
			);
		};
/* End PBXProject section */

/* Begin PBXResourcesBuildPhase section */
		920A251C19B382CB00A24242 /* Resources */ = {
			isa = PBXResourcesBuildPhase;
			buildActionMask = 2147483647;
			files = (
				920A252919B382CB00A24242 /* Main.storyboard in Resources */,
				920A252B19B382CB00A24242 /* Images.xcassets in Resources */,
			);
			runOnlyForDeploymentPostprocessing = 0;
		};
		920A252E19B382CB00A24242 /* Resources */ = {
			isa = PBXResourcesBuildPhase;
			buildActionMask = 2147483647;
			files = (
			);
			runOnlyForDeploymentPostprocessing = 0;
		};
/* End PBXResourcesBuildPhase section */

/* Begin PBXSourcesBuildPhase section */
		920A251A19B382CB00A24242 /* Sources */ = {
			isa = PBXSourcesBuildPhase;
			buildActionMask = 2147483647;
			files = (
				920A254619B3835E00A24242 /* Address.swift in Sources */,
				920A252619B382CB00A24242 /* ViewController.swift in Sources */,
				920A252419B382CB00A24242 /* AppDelegate.swift in Sources */,
				920A255019B3836400A24242 /* Model.xcdatamodeld in Sources */,
				920A254A19B3835E00A24242 /* User.swift in Sources */,
				920A254C19B3835E00A24242 /* Mapper.swift in Sources */,
				920A255319B383B300A24242 /* CoreDataManager.swift in Sources */,
				920A254819B3835E00A24242 /* Post.swift in Sources */,
			);
			runOnlyForDeploymentPostprocessing = 0;
		};
		920A252C19B382CB00A24242 /* Sources */ = {
			isa = PBXSourcesBuildPhase;
			buildActionMask = 2147483647;
			files = (
				920A254B19B3835E00A24242 /* User.swift in Sources */,
				920A254919B3835E00A24242 /* Post.swift in Sources */,
				920A254719B3835E00A24242 /* Address.swift in Sources */,
				920A253719B382CB00A24242 /* MagicalMapperTests.swift in Sources */,
				920A254D19B3835E00A24242 /* Mapper.swift in Sources */,
				920A255419B383B300A24242 /* CoreDataManager.swift in Sources */,
				920A255119B3836400A24242 /* Model.xcdatamodeld in Sources */,
			);
			runOnlyForDeploymentPostprocessing = 0;
		};
/* End PBXSourcesBuildPhase section */

/* Begin PBXTargetDependency section */
		920A253219B382CB00A24242 /* PBXTargetDependency */ = {
			isa = PBXTargetDependency;
			target = 920A251D19B382CB00A24242 /* MagicalMapper */;
			targetProxy = 920A253119B382CB00A24242 /* PBXContainerItemProxy */;
		};
/* End PBXTargetDependency section */

/* Begin PBXVariantGroup section */
		920A252719B382CB00A24242 /* Main.storyboard */ = {
			isa = PBXVariantGroup;
			children = (
				920A252819B382CB00A24242 /* Base */,
			);
			name = Main.storyboard;
			sourceTree = "<group>";
		};
/* End PBXVariantGroup section */

/* Begin XCBuildConfiguration section */
		920A253819B382CB00A24242 /* Debug */ = {
			isa = XCBuildConfiguration;
			buildSettings = {
				ALWAYS_SEARCH_USER_PATHS = NO;
				CLANG_CXX_LANGUAGE_STANDARD = "gnu++0x";
				CLANG_CXX_LIBRARY = "libc++";
				CLANG_ENABLE_MODULES = YES;
				CLANG_ENABLE_OBJC_ARC = YES;
				CLANG_WARN_BOOL_CONVERSION = YES;
				CLANG_WARN_CONSTANT_CONVERSION = YES;
				CLANG_WARN_DIRECT_OBJC_ISA_USAGE = YES_ERROR;
				CLANG_WARN_EMPTY_BODY = YES;
				CLANG_WARN_ENUM_CONVERSION = YES;
				CLANG_WARN_INT_CONVERSION = YES;
				CLANG_WARN_OBJC_ROOT_CLASS = YES_ERROR;
				CLANG_WARN_UNREACHABLE_CODE = YES;
				CLANG_WARN__DUPLICATE_METHOD_MATCH = YES;
				"CODE_SIGN_IDENTITY[sdk=iphoneos*]" = "iPhone Developer";
				COPY_PHASE_STRIP = NO;
				ENABLE_STRICT_OBJC_MSGSEND = YES;
				GCC_C_LANGUAGE_STANDARD = gnu99;
				GCC_DYNAMIC_NO_PIC = NO;
				GCC_OPTIMIZATION_LEVEL = 0;
				GCC_PREPROCESSOR_DEFINITIONS = (
					"DEBUG=1",
					"$(inherited)",
				);
				GCC_SYMBOLS_PRIVATE_EXTERN = NO;
				GCC_WARN_64_TO_32_BIT_CONVERSION = YES;
				GCC_WARN_ABOUT_RETURN_TYPE = YES_ERROR;
				GCC_WARN_UNDECLARED_SELECTOR = YES;
				GCC_WARN_UNINITIALIZED_AUTOS = YES_AGGRESSIVE;
				GCC_WARN_UNUSED_FUNCTION = YES;
				GCC_WARN_UNUSED_VARIABLE = YES;
				IPHONEOS_DEPLOYMENT_TARGET = 8.0;
				MTL_ENABLE_DEBUG_INFO = YES;
				ONLY_ACTIVE_ARCH = YES;
				SDKROOT = iphoneos;
				SWIFT_OPTIMIZATION_LEVEL = "-Onone";
				TARGETED_DEVICE_FAMILY = "1,2";
			};
			name = Debug;
		};
		920A253919B382CB00A24242 /* Release */ = {
			isa = XCBuildConfiguration;
			buildSettings = {
				ALWAYS_SEARCH_USER_PATHS = NO;
				CLANG_CXX_LANGUAGE_STANDARD = "gnu++0x";
				CLANG_CXX_LIBRARY = "libc++";
				CLANG_ENABLE_MODULES = YES;
				CLANG_ENABLE_OBJC_ARC = YES;
				CLANG_WARN_BOOL_CONVERSION = YES;
				CLANG_WARN_CONSTANT_CONVERSION = YES;
				CLANG_WARN_DIRECT_OBJC_ISA_USAGE = YES_ERROR;
				CLANG_WARN_EMPTY_BODY = YES;
				CLANG_WARN_ENUM_CONVERSION = YES;
				CLANG_WARN_INT_CONVERSION = YES;
				CLANG_WARN_OBJC_ROOT_CLASS = YES_ERROR;
				CLANG_WARN_UNREACHABLE_CODE = YES;
				CLANG_WARN__DUPLICATE_METHOD_MATCH = YES;
				"CODE_SIGN_IDENTITY[sdk=iphoneos*]" = "iPhone Developer";
				COPY_PHASE_STRIP = YES;
				ENABLE_NS_ASSERTIONS = NO;
				ENABLE_STRICT_OBJC_MSGSEND = YES;
				GCC_C_LANGUAGE_STANDARD = gnu99;
				GCC_WARN_64_TO_32_BIT_CONVERSION = YES;
				GCC_WARN_ABOUT_RETURN_TYPE = YES_ERROR;
				GCC_WARN_UNDECLARED_SELECTOR = YES;
				GCC_WARN_UNINITIALIZED_AUTOS = YES_AGGRESSIVE;
				GCC_WARN_UNUSED_FUNCTION = YES;
				GCC_WARN_UNUSED_VARIABLE = YES;
				IPHONEOS_DEPLOYMENT_TARGET = 8.0;
				MTL_ENABLE_DEBUG_INFO = NO;
				SDKROOT = iphoneos;
				TARGETED_DEVICE_FAMILY = "1,2";
				VALIDATE_PRODUCT = YES;
			};
			name = Release;
		};
		920A253B19B382CB00A24242 /* Debug */ = {
			isa = XCBuildConfiguration;
			buildSettings = {
				ASSETCATALOG_COMPILER_APPICON_NAME = AppIcon;
				ASSETCATALOG_COMPILER_LAUNCHIMAGE_NAME = LaunchImage;
				INFOPLIST_FILE = MagicalMapper/Info.plist;
				LD_RUNPATH_SEARCH_PATHS = "$(inherited) @executable_path/Frameworks";
				PRODUCT_NAME = "$(TARGET_NAME)";
			};
			name = Debug;
		};
		920A253C19B382CB00A24242 /* Release */ = {
			isa = XCBuildConfiguration;
			buildSettings = {
				ASSETCATALOG_COMPILER_APPICON_NAME = AppIcon;
				ASSETCATALOG_COMPILER_LAUNCHIMAGE_NAME = LaunchImage;
				INFOPLIST_FILE = MagicalMapper/Info.plist;
				LD_RUNPATH_SEARCH_PATHS = "$(inherited) @executable_path/Frameworks";
				PRODUCT_NAME = "$(TARGET_NAME)";
			};
			name = Release;
		};
		920A253E19B382CB00A24242 /* Debug */ = {
			isa = XCBuildConfiguration;
			buildSettings = {
				BUNDLE_LOADER = "$(TEST_HOST)";
				FRAMEWORK_SEARCH_PATHS = (
					"$(SDKROOT)/Developer/Library/Frameworks",
					"$(inherited)",
				);
				GCC_PREPROCESSOR_DEFINITIONS = (
					"DEBUG=1",
					"$(inherited)",
				);
				INFOPLIST_FILE = MagicalMapperTests/Info.plist;
				LD_RUNPATH_SEARCH_PATHS = "$(inherited) @executable_path/Frameworks @loader_path/Frameworks";
				PRODUCT_NAME = "$(TARGET_NAME)";
				TEST_HOST = "$(BUILT_PRODUCTS_DIR)/MagicalMapper.app/MagicalMapper";
			};
			name = Debug;
		};
		920A253F19B382CB00A24242 /* Release */ = {
			isa = XCBuildConfiguration;
			buildSettings = {
				BUNDLE_LOADER = "$(TEST_HOST)";
				FRAMEWORK_SEARCH_PATHS = (
					"$(SDKROOT)/Developer/Library/Frameworks",
					"$(inherited)",
				);
				INFOPLIST_FILE = MagicalMapperTests/Info.plist;
				LD_RUNPATH_SEARCH_PATHS = "$(inherited) @executable_path/Frameworks @loader_path/Frameworks";
				PRODUCT_NAME = "$(TARGET_NAME)";
				TEST_HOST = "$(BUILT_PRODUCTS_DIR)/MagicalMapper.app/MagicalMapper";
			};
			name = Release;
		};
/* End XCBuildConfiguration section */

/* Begin XCConfigurationList section */
		920A251919B382CB00A24242 /* Build configuration list for PBXProject "MagicalMapper" */ = {
			isa = XCConfigurationList;
			buildConfigurations = (
				920A253819B382CB00A24242 /* Debug */,
				920A253919B382CB00A24242 /* Release */,
			);
			defaultConfigurationIsVisible = 0;
			defaultConfigurationName = Release;
		};
		920A253A19B382CB00A24242 /* Build configuration list for PBXNativeTarget "MagicalMapper" */ = {
			isa = XCConfigurationList;
			buildConfigurations = (
				920A253B19B382CB00A24242 /* Debug */,
				920A253C19B382CB00A24242 /* Release */,
			);
			defaultConfigurationIsVisible = 0;
		};
		920A253D19B382CB00A24242 /* Build configuration list for PBXNativeTarget "MagicalMapperTests" */ = {
			isa = XCConfigurationList;
			buildConfigurations = (
				920A253E19B382CB00A24242 /* Debug */,
				920A253F19B382CB00A24242 /* Release */,
			);
			defaultConfigurationIsVisible = 0;
		};
/* End XCConfigurationList section */

/* Begin XCVersionGroup section */
		920A254E19B3836400A24242 /* Model.xcdatamodeld */ = {
			isa = XCVersionGroup;
			children = (
				920A254F19B3836400A24242 /* Model.xcdatamodel */,
			);
			currentVersion = 920A254F19B3836400A24242 /* Model.xcdatamodel */;
			path = Model.xcdatamodeld;
			sourceTree = "<group>";
			versionGroupType = wrapper.xcdatamodel;
		};
/* End XCVersionGroup section */
	};
	rootObject = 920A251619B382CB00A24242 /* Project object */;
}
